
Microsoft Visual Studio Solution File, Format Version 12.00
# Visual Studio 15
VisualStudioVersion = 15.0.28307.779
MinimumVisualStudioVersion = 10.0.40219.1
Project("{FAE04EC0-301F-11D3-BF4B-00C04F79EFBC}") = "LAB_08", "LAB_08\LAB_08.csproj", "{91A13444-BA84-4747-BCAA-538CCCE7A0BE}"
EndProject
Global
	GlobalSection(SolutionConfigurationPlatforms) = preSolution
		Debug|Any CPU = Debug|Any CPU
		Release|Any CPU = Release|Any CPU
	EndGlobalSection
	GlobalSection(ProjectConfigurationPlatforms) = postSolution
		{91A13444-BA84-4747-BCAA-538CCCE7A0BE}.Debug|Any CPU.ActiveCfg = Debug|Any CPU
		{91A13444-BA84-4747-BCAA-538CCCE7A0BE}.Debug|Any CPU.Build.0 = Debug|Any CPU
		{91A13444-BA84-4747-BCAA-538CCCE7A0BE}.Release|Any CPU.ActiveCfg = Release|Any CPU
		{91A13444-BA84-4747-BCAA-538CCCE7A0BE}.Release|Any CPU.Build.0 = Release|Any CPU
	EndGlobalSection
	GlobalSection(SolutionProperties) = preSolution
		HideSolutionNode = FALSE
	EndGlobalSection
	GlobalSection(ExtensibilityGlobals) = postSolution
		SolutionGuid = {89230414-A674-4AF2-9801-E027A79FEE4F}
	EndGlobalSection
EndGlobal
